
Microsoft Visual Studio Solution File, Format Version 12.00
# Visual Studio Version 17
VisualStudioVersion = 17.11.35327.3
MinimumVisualStudioVersion = 10.0.40219.1
Project("{9A19103F-16F7-4668-BE54-9A1E7A4F7556}") = "mf_dev_backend_2024", "mf-dev-backend-2024\mf_dev_backend_2024.csproj", "{CBA2AD8B-13AF-42AB-AC4A-8AD033EEFCF8}"
EndProject
Global
	GlobalSection(SolutionConfigurationPlatforms) = preSolution
		Debug|Any CPU = Debug|Any CPU
		Release|Any CPU = Release|Any CPU
	EndGlobalSection
	GlobalSection(ProjectConfigurationPlatforms) = postSolution
		{CBA2AD8B-13AF-42AB-AC4A-8AD033EEFCF8}.Debug|Any CPU.ActiveCfg = Debug|Any CPU
		{CBA2AD8B-13AF-42AB-AC4A-8AD033EEFCF8}.Debug|Any CPU.Build.0 = Debug|Any CPU
		{CBA2AD8B-13AF-42AB-AC4A-8AD033EEFCF8}.Release|Any CPU.ActiveCfg = Release|Any CPU
		{CBA2AD8B-13AF-42AB-AC4A-8AD033EEFCF8}.Release|Any CPU.Build.0 = Release|Any CPU
	EndGlobalSection
	GlobalSection(SolutionProperties) = preSolution
		HideSolutionNode = FALSE
	EndGlobalSection
	GlobalSection(ExtensibilityGlobals) = postSolution
		SolutionGuid = {7D030660-D6AF-41CB-A46F-3495FE97563B}
	EndGlobalSection
EndGlobal
